
Microsoft Visual Studio Solution File, Format Version 12.00
# Visual Studio Version 17
VisualStudioVersion = 17.14.36930.0 d17.14
MinimumVisualStudioVersion = 10.0.40219.1
Project("{FAE04EC0-301F-11D3-BF4B-00C04F79EFBC}") = "TicketBooking.API", "TicketBooking.API\TicketBooking.API.csproj", "{0B4AB0D0-5377-4333-8C95-6FF69557BFB8}"
EndProject
Project("{FAE04EC0-301F-11D3-BF4B-00C04F79EFBC}") = "TicketBooking.Core", "TicketBooking.Core\TicketBooking.Core.csproj", "{57FB7C8D-CEBE-4A2E-898E-4347F3F97355}"
EndProject
Project("{FAE04EC0-301F-11D3-BF4B-00C04F79EFBC}") = "TicketBooking.Application", "TicketBooking.Application\TicketBooking.Application.csproj", "{80D7E33A-652F-4892-8BB5-A6E579EE871A}"
EndProject
Project("{FAE04EC0-301F-11D3-BF4B-00C04F79EFBC}") = "TicketBooking.Infrastructure", "TicketBooking.Infrastructure\TicketBooking.Infrastructure.csproj", "{5166B282-00E0-4BC0-A209-42F3ABCEAA95}"
EndProject
Global
	GlobalSection(SolutionConfigurationPlatforms) = preSolution
		Debug|Any CPU = Debug|Any CPU
		Release|Any CPU = Release|Any CPU
	EndGlobalSection
	GlobalSection(ProjectConfigurationPlatforms) = postSolution
		{0B4AB0D0-5377-4333-8C95-6FF69557BFB8}.Debug|Any CPU.ActiveCfg = Debug|Any CPU
		{0B4AB0D0-5377-4333-8C95-6FF69557BFB8}.Debug|Any CPU.Build.0 = Debug|Any CPU
		{0B4AB0D0-5377-4333-8C95-6FF69557BFB8}.Release|Any CPU.ActiveCfg = Release|Any CPU
		{0B4AB0D0-5377-4333-8C95-6FF69557BFB8}.Release|Any CPU.Build.0 = Release|Any CPU
		{57FB7C8D-CEBE-4A2E-898E-4347F3F97355}.Debug|Any CPU.ActiveCfg = Debug|Any CPU
		{57FB7C8D-CEBE-4A2E-898E-4347F3F97355}.Debug|Any CPU.Build.0 = Debug|Any CPU
		{57FB7C8D-CEBE-4A2E-898E-4347F3F97355}.Release|Any CPU.ActiveCfg = Release|Any CPU
		{57FB7C8D-CEBE-4A2E-898E-4347F3F97355}.Release|Any CPU.Build.0 = Release|Any CPU
		{80D7E33A-652F-4892-8BB5-A6E579EE871A}.Debug|Any CPU.ActiveCfg = Debug|Any CPU
		{80D7E33A-652F-4892-8BB5-A6E579EE871A}.Debug|Any CPU.Build.0 = Debug|Any CPU
		{80D7E33A-652F-4892-8BB5-A6E579EE871A}.Release|Any CPU.ActiveCfg = Release|Any CPU
		{80D7E33A-652F-4892-8BB5-A6E579EE871A}.Release|Any CPU.Build.0 = Release|Any CPU
		{5166B282-00E0-4BC0-A209-42F3ABCEAA95}.Debug|Any CPU.ActiveCfg = Debug|Any CPU
		{5166B282-00E0-4BC0-A209-42F3ABCEAA95}.Debug|Any CPU.Build.0 = Debug|Any CPU
		{5166B282-00E0-4BC0-A209-42F3ABCEAA95}.Release|Any CPU.ActiveCfg = Release|Any CPU
		{5166B282-00E0-4BC0-A209-42F3ABCEAA95}.Release|Any CPU.Build.0 = Release|Any CPU
	EndGlobalSection
	GlobalSection(SolutionProperties) = preSolution
		HideSolutionNode = FALSE
	EndGlobalSection
	GlobalSection(ExtensibilityGlobals) = postSolution
		SolutionGuid = {3EE85C4F-55E5-47A8-A1F9-BE418C0DBA32}
	EndGlobalSection
EndGlobal
